
Microsoft Visual Studio Solution File, Format Version 12.00
# Visual Studio 15
VisualStudioVersion = 15.0.28307.572
MinimumVisualStudioVersion = 10.0.40219.1
Project("{2150E333-8FDC-42A3-9474-1A3956D46DE8}") = "Api", "Api", "{8F095146-EE31-47AE-B766-1494FAB8FA1A}"
EndProject
Project("{2150E333-8FDC-42A3-9474-1A3956D46DE8}") = "Application", "Application", "{0B07C872-72EC-462E-A1A7-165A5DDCCAD0}"
EndProject
Project("{2150E333-8FDC-42A3-9474-1A3956D46DE8}") = "Domain", "Domain", "{56307CF1-DDBE-4894-BDC9-374F85C56528}"
EndProject
Project("{2150E333-8FDC-42A3-9474-1A3956D46DE8}") = "Infra", "Infra", "{0FD45B31-D1AD-4DEC-9CD7-83C9BB89E900}"
EndProject
Project("{9A19103F-16F7-4668-BE54-9A1E7A4F7556}") = "WR.Modelo.Application", "Application\WR.Modelo.Application\WR.Modelo.Application.csproj", "{0E27CF59-1C95-4A26-AC7D-56F8F7326342}"
EndProject
Project("{9A19103F-16F7-4668-BE54-9A1E7A4F7556}") = "WR.Modelo.Domain", "Domain\WR.Modelo.Domain\WR.Modelo.Domain.csproj", "{3EDB2410-2938-495C-AA9C-27AFB09D08C5}"
EndProject
Project("{9A19103F-16F7-4668-BE54-9A1E7A4F7556}") = "WR.Modelo.IoC", "Infra\WR.Modelo.IoC\WR.Modelo.IoC.csproj", "{7F4B8DEA-515E-41CF-8B03-AF8AFFA682C0}"
EndProject
Project("{9A19103F-16F7-4668-BE54-9A1E7A4F7556}") = "WR.Modelo.Repository", "Infra\WR.Modelo.Repository\WR.Modelo.Repository.csproj", "{63CDB35D-7628-4046-89A4-6E3395D7FDAA}"
EndProject
Project("{9A19103F-16F7-4668-BE54-9A1E7A4F7556}") = "WR.Modelo.ApiMs", "Api\WR.Modelo.ApiMs\WR.Modelo.ApiMs.csproj", "{3800A26D-144A-4A49-8E32-7211581BBEFD}"
EndProject
Project("{9A19103F-16F7-4668-BE54-9A1E7A4F7556}") = "WR.Modelo.Util", "Infra\WR.Modelo.Util\WR.Modelo.Util.csproj", "{B9D6596D-1530-4926-9707-A8ADE2A085AD}"
EndProject
Project("{9A19103F-16F7-4668-BE54-9A1E7A4F7556}") = "WR.Modelo.JsonLocalizer", "Infra\WR.Modelo.JsonLocalizer\WR.Modelo.JsonLocalizer.csproj", "{69FFA57A-2634-4200-84E9-F8138FE4CAE7}"
EndProject
Project("{2150E333-8FDC-42A3-9474-1A3956D46DE8}") = "Test", "Test", "{CB7ADD03-52BD-496F-81A0-09AA98411F36}"
EndProject
Project("{FAE04EC0-301F-11D3-BF4B-00C04F79EFBC}") = "WR.Modelo.Test", "Test\WR.Modelo.Test\WR.Modelo.Test.csproj", "{9C492F57-5AC4-4BFC-AFED-4186280693FD}"
EndProject
Global
	GlobalSection(SolutionConfigurationPlatforms) = preSolution
		Debug|Any CPU = Debug|Any CPU
		Release|Any CPU = Release|Any CPU
	EndGlobalSection
	GlobalSection(ProjectConfigurationPlatforms) = postSolution
		{0E27CF59-1C95-4A26-AC7D-56F8F7326342}.Debug|Any CPU.ActiveCfg = Debug|Any CPU
		{0E27CF59-1C95-4A26-AC7D-56F8F7326342}.Debug|Any CPU.Build.0 = Debug|Any CPU
		{0E27CF59-1C95-4A26-AC7D-56F8F7326342}.Release|Any CPU.ActiveCfg = Release|Any CPU
		{0E27CF59-1C95-4A26-AC7D-56F8F7326342}.Release|Any CPU.Build.0 = Release|Any CPU
		{3EDB2410-2938-495C-AA9C-27AFB09D08C5}.Debug|Any CPU.ActiveCfg = Debug|Any CPU
		{3EDB2410-2938-495C-AA9C-27AFB09D08C5}.Debug|Any CPU.Build.0 = Debug|Any CPU
		{3EDB2410-2938-495C-AA9C-27AFB09D08C5}.Release|Any CPU.ActiveCfg = Release|Any CPU
		{3EDB2410-2938-495C-AA9C-27AFB09D08C5}.Release|Any CPU.Build.0 = Release|Any CPU
		{7F4B8DEA-515E-41CF-8B03-AF8AFFA682C0}.Debug|Any CPU.ActiveCfg = Debug|Any CPU
		{7F4B8DEA-515E-41CF-8B03-AF8AFFA682C0}.Debug|Any CPU.Build.0 = Debug|Any CPU
		{7F4B8DEA-515E-41CF-8B03-AF8AFFA682C0}.Release|Any CPU.ActiveCfg = Release|Any CPU
		{7F4B8DEA-515E-41CF-8B03-AF8AFFA682C0}.Release|Any CPU.Build.0 = Release|Any CPU
		{63CDB35D-7628-4046-89A4-6E3395D7FDAA}.Debug|Any CPU.ActiveCfg = Debug|Any CPU
		{63CDB35D-7628-4046-89A4-6E3395D7FDAA}.Debug|Any CPU.Build.0 = Debug|Any CPU
		{63CDB35D-7628-4046-89A4-6E3395D7FDAA}.Release|Any CPU.ActiveCfg = Release|Any CPU
		{63CDB35D-7628-4046-89A4-6E3395D7FDAA}.Release|Any CPU.Build.0 = Release|Any CPU
		{3800A26D-144A-4A49-8E32-7211581BBEFD}.Debug|Any CPU.ActiveCfg = Debug|Any CPU
		{3800A26D-144A-4A49-8E32-7211581BBEFD}.Debug|Any CPU.Build.0 = Debug|Any CPU
		{3800A26D-144A-4A49-8E32-7211581BBEFD}.Release|Any CPU.ActiveCfg = Release|Any CPU
		{3800A26D-144A-4A49-8E32-7211581BBEFD}.Release|Any CPU.Build.0 = Release|Any CPU
		{B9D6596D-1530-4926-9707-A8ADE2A085AD}.Debug|Any CPU.ActiveCfg = Debug|Any CPU
		{B9D6596D-1530-4926-9707-A8ADE2A085AD}.Debug|Any CPU.Build.0 = Debug|Any CPU
		{B9D6596D-1530-4926-9707-A8ADE2A085AD}.Release|Any CPU.ActiveCfg = Release|Any CPU
		{B9D6596D-1530-4926-9707-A8ADE2A085AD}.Release|Any CPU.Build.0 = Release|Any CPU
		{69FFA57A-2634-4200-84E9-F8138FE4CAE7}.Debug|Any CPU.ActiveCfg = Debug|Any CPU
		{69FFA57A-2634-4200-84E9-F8138FE4CAE7}.Debug|Any CPU.Build.0 = Debug|Any CPU
		{69FFA57A-2634-4200-84E9-F8138FE4CAE7}.Release|Any CPU.ActiveCfg = Release|Any CPU
		{69FFA57A-2634-4200-84E9-F8138FE4CAE7}.Release|Any CPU.Build.0 = Release|Any CPU
		{9C492F57-5AC4-4BFC-AFED-4186280693FD}.Debug|Any CPU.ActiveCfg = Debug|Any CPU
		{9C492F57-5AC4-4BFC-AFED-4186280693FD}.Debug|Any CPU.Build.0 = Debug|Any CPU
		{9C492F57-5AC4-4BFC-AFED-4186280693FD}.Release|Any CPU.ActiveCfg = Release|Any CPU
		{9C492F57-5AC4-4BFC-AFED-4186280693FD}.Release|Any CPU.Build.0 = Release|Any CPU
	EndGlobalSection
	GlobalSection(SolutionProperties) = preSolution
		HideSolutionNode = FALSE
	EndGlobalSection
	GlobalSection(NestedProjects) = preSolution
		{0E27CF59-1C95-4A26-AC7D-56F8F7326342} = {0B07C872-72EC-462E-A1A7-165A5DDCCAD0}
		{3EDB2410-2938-495C-AA9C-27AFB09D08C5} = {56307CF1-DDBE-4894-BDC9-374F85C56528}
		{7F4B8DEA-515E-41CF-8B03-AF8AFFA682C0} = {0FD45B31-D1AD-4DEC-9CD7-83C9BB89E900}
		{63CDB35D-7628-4046-89A4-6E3395D7FDAA} = {0FD45B31-D1AD-4DEC-9CD7-83C9BB89E900}
		{3800A26D-144A-4A49-8E32-7211581BBEFD} = {8F095146-EE31-47AE-B766-1494FAB8FA1A}
		{B9D6596D-1530-4926-9707-A8ADE2A085AD} = {0FD45B31-D1AD-4DEC-9CD7-83C9BB89E900}
		{69FFA57A-2634-4200-84E9-F8138FE4CAE7} = {0FD45B31-D1AD-4DEC-9CD7-83C9BB89E900}
		{9C492F57-5AC4-4BFC-AFED-4186280693FD} = {CB7ADD03-52BD-496F-81A0-09AA98411F36}
	EndGlobalSection
	GlobalSection(ExtensibilityGlobals) = postSolution
		SolutionGuid = {2EB3EF8F-0B04-4764-ACD2-1255206498CB}
	EndGlobalSection
EndGlobal
